
Microsoft Visual Studio Solution File, Format Version 12.00
# Visual Studio 15
Project("{FAE04EC0-301F-11D3-BF4B-00C04F79EFBC}") = "PlayFab", "PlayFab.csproj", "{ACDC692B-EE86-6D80-A2AD-6A2A8CB426E9}"
EndProject
Project("{FAE04EC0-301F-11D3-BF4B-00C04F79EFBC}") = "Assembly-CSharp", "Assembly-CSharp.csproj", "{2D00EFD7-FF86-AB7B-2675-BBDE30BE5093}"
EndProject
Project("{FAE04EC0-301F-11D3-BF4B-00C04F79EFBC}") = "PlayFabEditorExtensions", "PlayFabEditorExtensions.csproj", "{40526F5B-F59E-D9DF-A962-2A5812A896E9}"
EndProject
Project("{FAE04EC0-301F-11D3-BF4B-00C04F79EFBC}") = "PlayFabSDKEditor", "PlayFabSDKEditor.csproj", "{C0B66413-64AF-6EE9-62C2-F94AF42153B1}"
EndProject
Global
	GlobalSection(SolutionConfigurationPlatforms) = preSolution
		Debug|Any CPU = Debug|Any CPU
		Release|Any CPU = Release|Any CPU
	EndGlobalSection
	GlobalSection(ProjectConfigurationPlatforms) = postSolution
		{ACDC692B-EE86-6D80-A2AD-6A2A8CB426E9}.Debug|Any CPU.ActiveCfg = Debug|Any CPU
		{ACDC692B-EE86-6D80-A2AD-6A2A8CB426E9}.Debug|Any CPU.Build.0 = Debug|Any CPU
		{ACDC692B-EE86-6D80-A2AD-6A2A8CB426E9}.Release|Any CPU.ActiveCfg = Release|Any CPU
		{ACDC692B-EE86-6D80-A2AD-6A2A8CB426E9}.Release|Any CPU.Build.0 = Release|Any CPU
		{2D00EFD7-FF86-AB7B-2675-BBDE30BE5093}.Debug|Any CPU.ActiveCfg = Debug|Any CPU
		{2D00EFD7-FF86-AB7B-2675-BBDE30BE5093}.Debug|Any CPU.Build.0 = Debug|Any CPU
		{2D00EFD7-FF86-AB7B-2675-BBDE30BE5093}.Release|Any CPU.ActiveCfg = Release|Any CPU
		{2D00EFD7-FF86-AB7B-2675-BBDE30BE5093}.Release|Any CPU.Build.0 = Release|Any CPU
		{40526F5B-F59E-D9DF-A962-2A5812A896E9}.Debug|Any CPU.ActiveCfg = Debug|Any CPU
		{40526F5B-F59E-D9DF-A962-2A5812A896E9}.Debug|Any CPU.Build.0 = Debug|Any CPU
		{40526F5B-F59E-D9DF-A962-2A5812A896E9}.Release|Any CPU.ActiveCfg = Release|Any CPU
		{40526F5B-F59E-D9DF-A962-2A5812A896E9}.Release|Any CPU.Build.0 = Release|Any CPU
		{C0B66413-64AF-6EE9-62C2-F94AF42153B1}.Debug|Any CPU.ActiveCfg = Debug|Any CPU
		{C0B66413-64AF-6EE9-62C2-F94AF42153B1}.Debug|Any CPU.Build.0 = Debug|Any CPU
		{C0B66413-64AF-6EE9-62C2-F94AF42153B1}.Release|Any CPU.ActiveCfg = Release|Any CPU
		{C0B66413-64AF-6EE9-62C2-F94AF42153B1}.Release|Any CPU.Build.0 = Release|Any CPU
	EndGlobalSection
	GlobalSection(SolutionProperties) = preSolution
		HideSolutionNode = FALSE
	EndGlobalSection
EndGlobal
